
Microsoft Visual Studio Solution File, Format Version 12.00
# Visual Studio Version 16
VisualStudioVersion = 16.0.29613.14
MinimumVisualStudioVersion = 15.0.26124.0
Project("{9A19103F-16F7-4668-BE54-9A1E7A4F7556}") = "CloudDrive", "CloudDrive\CloudDrive.csproj", "{BBA09E7C-15EB-4901-8BC3-0C4EA11DBD00}"
EndProject
Project("{FAE04EC0-301F-11D3-BF4B-00C04F79EFBC}") = "CloudDrive.Tests", "CloudDrive.Tests\CloudDrive.Tests.csproj", "{BC09D355-0520-4478-AA82-E33A5E6E86BE}"
EndProject
Global
	GlobalSection(SolutionConfigurationPlatforms) = preSolution
		Debug|Any CPU = Debug|Any CPU
		Debug|x64 = Debug|x64
		Debug|x86 = Debug|x86
		Release|Any CPU = Release|Any CPU
		Release|x64 = Release|x64
		Release|x86 = Release|x86
	EndGlobalSection
	GlobalSection(ProjectConfigurationPlatforms) = postSolution
		{BBA09E7C-15EB-4901-8BC3-0C4EA11DBD00}.Debug|Any CPU.ActiveCfg = Debug|Any CPU
		{BBA09E7C-15EB-4901-8BC3-0C4EA11DBD00}.Debug|Any CPU.Build.0 = Debug|Any CPU
		{BBA09E7C-15EB-4901-8BC3-0C4EA11DBD00}.Debug|x64.ActiveCfg = Debug|Any CPU
		{BBA09E7C-15EB-4901-8BC3-0C4EA11DBD00}.Debug|x64.Build.0 = Debug|Any CPU
		{BBA09E7C-15EB-4901-8BC3-0C4EA11DBD00}.Debug|x86.ActiveCfg = Debug|Any CPU
		{BBA09E7C-15EB-4901-8BC3-0C4EA11DBD00}.Debug|x86.Build.0 = Debug|Any CPU
		{BBA09E7C-15EB-4901-8BC3-0C4EA11DBD00}.Release|Any CPU.ActiveCfg = Release|Any CPU
		{BBA09E7C-15EB-4901-8BC3-0C4EA11DBD00}.Release|Any CPU.Build.0 = Release|Any CPU
		{BBA09E7C-15EB-4901-8BC3-0C4EA11DBD00}.Release|x64.ActiveCfg = Release|Any CPU
		{BBA09E7C-15EB-4901-8BC3-0C4EA11DBD00}.Release|x64.Build.0 = Release|Any CPU
		{BBA09E7C-15EB-4901-8BC3-0C4EA11DBD00}.Release|x86.ActiveCfg = Release|Any CPU
		{BBA09E7C-15EB-4901-8BC3-0C4EA11DBD00}.Release|x86.Build.0 = Release|Any CPU
		{BC09D355-0520-4478-AA82-E33A5E6E86BE}.Debug|Any CPU.ActiveCfg = Debug|Any CPU
		{BC09D355-0520-4478-AA82-E33A5E6E86BE}.Debug|Any CPU.Build.0 = Debug|Any CPU
		{BC09D355-0520-4478-AA82-E33A5E6E86BE}.Debug|x64.ActiveCfg = Debug|Any CPU
		{BC09D355-0520-4478-AA82-E33A5E6E86BE}.Debug|x64.Build.0 = Debug|Any CPU
		{BC09D355-0520-4478-AA82-E33A5E6E86BE}.Debug|x86.ActiveCfg = Debug|Any CPU
		{BC09D355-0520-4478-AA82-E33A5E6E86BE}.Debug|x86.Build.0 = Debug|Any CPU
		{BC09D355-0520-4478-AA82-E33A5E6E86BE}.Release|Any CPU.ActiveCfg = Release|Any CPU
		{BC09D355-0520-4478-AA82-E33A5E6E86BE}.Release|Any CPU.Build.0 = Release|Any CPU
		{BC09D355-0520-4478-AA82-E33A5E6E86BE}.Release|x64.ActiveCfg = Release|Any CPU
		{BC09D355-0520-4478-AA82-E33A5E6E86BE}.Release|x64.Build.0 = Release|Any CPU
		{BC09D355-0520-4478-AA82-E33A5E6E86BE}.Release|x86.ActiveCfg = Release|Any CPU
		{BC09D355-0520-4478-AA82-E33A5E6E86BE}.Release|x86.Build.0 = Release|Any CPU
	EndGlobalSection
	GlobalSection(SolutionProperties) = preSolution
		HideSolutionNode = FALSE
	EndGlobalSection
	GlobalSection(ExtensibilityGlobals) = postSolution
		SolutionGuid = {6CCBC662-AB07-4A50-80F4-B6C2C648F844}
	EndGlobalSection
EndGlobal
